
Microsoft Visual Studio Solution File, Format Version 12.00
# Visual Studio Version 17
VisualStudioVersion = 17.8.34330.188
MinimumVisualStudioVersion = 10.0.40219.1
Project("{FAE04EC0-301F-11D3-BF4B-00C04F79EFBC}") = "Helmer.Helper.ClientGenerator", "generateClientFromSpecs\Helmer.Helper.ClientGenerator\Helmer.Helper.ClientGenerator.csproj", "{47EA6BC5-7C37-496A-AE8D-C6CFB12489EC}"
EndProject
Project("{FAE04EC0-301F-11D3-BF4B-00C04F79EFBC}") = "Helmer.Demo.PetStore.Integration", "generateClientFromSpecs\Helmer.Demo.PetStore.Integration\Helmer.Demo.PetStore.Integration.csproj", "{A42FCDD9-7AC1-4D95-8325-F578836CC082}"
EndProject
Project("{2150E333-8FDC-42A3-9474-1A3956D46DE8}") = "GenerateClientFromSpecs", "GenerateClientFromSpecs", "{F467ADF5-83CC-4226-8516-13C00426E7DA}"
	ProjectSection(SolutionItems) = preProject
		generateClientFromSpecs\ReadMe.md = generateClientFromSpecs\ReadMe.md
	EndProjectSection
EndProject
Project("{2150E333-8FDC-42A3-9474-1A3956D46DE8}") = "GenerateClientFromController", "GenerateClientFromController", "{684F46C9-DC39-4514-895A-85287ED0A92F}"
EndProject
Project("{FAE04EC0-301F-11D3-BF4B-00C04F79EFBC}") = "Helmer.Demo.PetStore.Api", "generateClientFromController\Helmer.Demo.PetStore.Api\Helmer.Demo.PetStore.Api.csproj", "{54F29255-FCA9-497B-B36D-93669938AB9C}"
EndProject
Project("{FAE04EC0-301F-11D3-BF4B-00C04F79EFBC}") = "Helmer.Demo.PetStore.Client", "generateClientFromController\Helmer.Demo.PetStore.Client\Helmer.Demo.PetStore.Client.csproj", "{313758F1-B940-473D-AE22-EA5C40BE836B}"
EndProject
Global
	GlobalSection(SolutionConfigurationPlatforms) = preSolution
		Debug|Any CPU = Debug|Any CPU
		Release|Any CPU = Release|Any CPU
	EndGlobalSection
	GlobalSection(ProjectConfigurationPlatforms) = postSolution
		{47EA6BC5-7C37-496A-AE8D-C6CFB12489EC}.Debug|Any CPU.ActiveCfg = Debug|Any CPU
		{47EA6BC5-7C37-496A-AE8D-C6CFB12489EC}.Debug|Any CPU.Build.0 = Debug|Any CPU
		{47EA6BC5-7C37-496A-AE8D-C6CFB12489EC}.Release|Any CPU.ActiveCfg = Release|Any CPU
		{47EA6BC5-7C37-496A-AE8D-C6CFB12489EC}.Release|Any CPU.Build.0 = Release|Any CPU
		{A42FCDD9-7AC1-4D95-8325-F578836CC082}.Debug|Any CPU.ActiveCfg = Debug|Any CPU
		{A42FCDD9-7AC1-4D95-8325-F578836CC082}.Debug|Any CPU.Build.0 = Debug|Any CPU
		{A42FCDD9-7AC1-4D95-8325-F578836CC082}.Release|Any CPU.ActiveCfg = Release|Any CPU
		{A42FCDD9-7AC1-4D95-8325-F578836CC082}.Release|Any CPU.Build.0 = Release|Any CPU
		{54F29255-FCA9-497B-B36D-93669938AB9C}.Debug|Any CPU.ActiveCfg = Debug|Any CPU
		{54F29255-FCA9-497B-B36D-93669938AB9C}.Debug|Any CPU.Build.0 = Debug|Any CPU
		{54F29255-FCA9-497B-B36D-93669938AB9C}.Release|Any CPU.ActiveCfg = Release|Any CPU
		{54F29255-FCA9-497B-B36D-93669938AB9C}.Release|Any CPU.Build.0 = Release|Any CPU
		{313758F1-B940-473D-AE22-EA5C40BE836B}.Debug|Any CPU.ActiveCfg = Debug|Any CPU
		{313758F1-B940-473D-AE22-EA5C40BE836B}.Debug|Any CPU.Build.0 = Debug|Any CPU
		{313758F1-B940-473D-AE22-EA5C40BE836B}.Release|Any CPU.ActiveCfg = Release|Any CPU
		{313758F1-B940-473D-AE22-EA5C40BE836B}.Release|Any CPU.Build.0 = Release|Any CPU
	EndGlobalSection
	GlobalSection(SolutionProperties) = preSolution
		HideSolutionNode = FALSE
	EndGlobalSection
	GlobalSection(ExtensibilityGlobals) = postSolution
		SolutionGuid = {9A657BB0-15F0-4438-A50D-53F3D2D06DF1}
	EndGlobalSection
	GlobalSection(NestedProjects) = preSolution
		{A42FCDD9-7AC1-4D95-8325-F578836CC082} = {F467ADF5-83CC-4226-8516-13C00426E7DA}
		{47EA6BC5-7C37-496A-AE8D-C6CFB12489EC} = {F467ADF5-83CC-4226-8516-13C00426E7DA}
		{54F29255-FCA9-497B-B36D-93669938AB9C} = {684F46C9-DC39-4514-895A-85287ED0A92F}
		{313758F1-B940-473D-AE22-EA5C40BE836B} = {684F46C9-DC39-4514-895A-85287ED0A92F}
	EndGlobalSection
EndGlobal
